// !$*UTF8*$!
{
	archiveVersion = 1;
	classes = {
	};
	objectVersion = 46;
	objects = {

/* Begin PBXBuildFile section */
		0D32C6921916F67500F1B0FF /* SwordAPI.m in Sources */ = {isa = PBXBuildFile; fileRef = 0D32C6911916F67500F1B0FF /* SwordAPI.m */; };
		0D32C6951916F6E200F1B0FF /* PersistencyManager.m in Sources */ = {isa = PBXBuildFile; fileRef = 0D32C6941916F6E200F1B0FF /* PersistencyManager.m */; };
		0D32C6981916F6F700F1B0FF /* HTTPClient.m in Sources */ = {isa = PBXBuildFile; fileRef = 0D32C6971916F6F700F1B0FF /* HTTPClient.m */; };
		0D32C69B1917312500F1B0FF /* Calculator.m in Sources */ = {isa = PBXBuildFile; fileRef = 0D32C69A1917312500F1B0FF /* Calculator.m */; };
		0D5B7BFE1918F2B1000FA3F6 /* EnemyView.xib in Resources */ = {isa = PBXBuildFile; fileRef = 0D5B7BFD1918F2B1000FA3F6 /* EnemyView.xib */; };
		0D5B7C011918F600000FA3F6 /* PersistencyManager+Utility.m in Sources */ = {isa = PBXBuildFile; fileRef = 0D5B7C001918F600000FA3F6 /* PersistencyManager+Utility.m */; };
		0D5B7C0D1919D0C3000FA3F6 /* FrontViewController.m in Sources */ = {isa = PBXBuildFile; fileRef = 0D5B7C0C1919D0C3000FA3F6 /* FrontViewController.m */; };
		0D5B7C111919D0D0000FA3F6 /* RearViewTableViewController.m in Sources */ = {isa = PBXBuildFile; fileRef = 0D5B7C0F1919D0D0000FA3F6 /* RearViewTableViewController.m */; };
		0D5B7C121919D0D0000FA3F6 /* RearViewController.xib in Resources */ = {isa = PBXBuildFile; fileRef = 0D5B7C101919D0D0000FA3F6 /* RearViewController.xib */; };
		0D5B7C161919D0DE000FA3F6 /* RightViewController.m in Sources */ = {isa = PBXBuildFile; fileRef = 0D5B7C141919D0DE000FA3F6 /* RightViewController.m */; };
		0D5B7C171919D0DE000FA3F6 /* RightViewController.xib in Resources */ = {isa = PBXBuildFile; fileRef = 0D5B7C151919D0DE000FA3F6 /* RightViewController.xib */; };
		0D5B7C1C1919D703000FA3F6 /* FrontViewController.xib in Resources */ = {isa = PBXBuildFile; fileRef = 0D5B7C1B1919D703000FA3F6 /* FrontViewController.xib */; };
		0DDB32FC190D62230079F5AE /* Foundation.framework in Frameworks */ = {isa = PBXBuildFile; fileRef = 0DDB32FB190D62230079F5AE /* Foundation.framework */; };
		0DDB32FE190D62230079F5AE /* CoreGraphics.framework in Frameworks */ = {isa = PBXBuildFile; fileRef = 0DDB32FD190D62230079F5AE /* CoreGraphics.framework */; };
		0DDB3300190D62230079F5AE /* UIKit.framework in Frameworks */ = {isa = PBXBuildFile; fileRef = 0DDB32FF190D62230079F5AE /* UIKit.framework */; };
		0DDB3306190D62230079F5AE /* InfoPlist.strings in Resources */ = {isa = PBXBuildFile; fileRef = 0DDB3304190D62230079F5AE /* InfoPlist.strings */; };
		0DDB3308190D62230079F5AE /* main.m in Sources */ = {isa = PBXBuildFile; fileRef = 0DDB3307190D62230079F5AE /* main.m */; };
		0DDB330C190D62230079F5AE /* AppDelegate.m in Sources */ = {isa = PBXBuildFile; fileRef = 0DDB330B190D62230079F5AE /* AppDelegate.m */; };
		0DDB330E190D62230079F5AE /* Images.xcassets in Resources */ = {isa = PBXBuildFile; fileRef = 0DDB330D190D62230079F5AE /* Images.xcassets */; };
		0DDB3315190D62230079F5AE /* XCTest.framework in Frameworks */ = {isa = PBXBuildFile; fileRef = 0DDB3314190D62230079F5AE /* XCTest.framework */; };
		0DDB3316190D62230079F5AE /* Foundation.framework in Frameworks */ = {isa = PBXBuildFile; fileRef = 0DDB32FB190D62230079F5AE /* Foundation.framework */; };
		0DDB3317190D62230079F5AE /* UIKit.framework in Frameworks */ = {isa = PBXBuildFile; fileRef = 0DDB32FF190D62230079F5AE /* UIKit.framework */; };
		0DDB331F190D62230079F5AE /* InfoPlist.strings in Resources */ = {isa = PBXBuildFile; fileRef = 0DDB331D190D62230079F5AE /* InfoPlist.strings */; };
		0DDB3321190D62230079F5AE /* swordTests.m in Sources */ = {isa = PBXBuildFile; fileRef = 0DDB3320190D62230079F5AE /* swordTests.m */; };
		5F1CDB127A6444CBBE85CA41 /* libPods.a in Frameworks */ = {isa = PBXBuildFile; fileRef = AE0ED7A6D5184CA4A2460B1B /* libPods.a */; };
		9E0FBAE21910502D00865E37 /* TutorialViewController.m in Sources */ = {isa = PBXBuildFile; fileRef = 9E0FBAE11910502D00865E37 /* TutorialViewController.m */; };
		9E0FBAE61910503B00865E37 /* TutorialChildViewController.m in Sources */ = {isa = PBXBuildFile; fileRef = 9E0FBAE41910503B00865E37 /* TutorialChildViewController.m */; };
		9E0FBAE71910503B00865E37 /* TutorialChildViewController.xib in Resources */ = {isa = PBXBuildFile; fileRef = 9E0FBAE51910503B00865E37 /* TutorialChildViewController.xib */; };
		9E42AE72191A7693006F42B0 /* revealIcon.png in Resources */ = {isa = PBXBuildFile; fileRef = 9E42AE71191A7693006F42B0 /* revealIcon.png */; };
		9E42AE75191A776B006F42B0 /* chatIconActive.png in Resources */ = {isa = PBXBuildFile; fileRef = 9E42AE73191A776B006F42B0 /* chatIconActive.png */; };
		9E42AE76191A776B006F42B0 /* chatIcon.png in Resources */ = {isa = PBXBuildFile; fileRef = 9E42AE74191A776B006F42B0 /* chatIcon.png */; };
		9E42AE7C191A8CA5006F42B0 /* actionAttack.png in Resources */ = {isa = PBXBuildFile; fileRef = 9E42AE77191A8CA5006F42B0 /* actionAttack.png */; };
		9E42AE7D191A8CA5006F42B0 /* actionDefend.png in Resources */ = {isa = PBXBuildFile; fileRef = 9E42AE78191A8CA5006F42B0 /* actionDefend.png */; };
		9E42AE7E191A8CA5006F42B0 /* actionInventory.png in Resources */ = {isa = PBXBuildFile; fileRef = 9E42AE79191A8CA5006F42B0 /* actionInventory.png */; };
		9E42AE7F191A8CA5006F42B0 /* actionMagic.png in Resources */ = {isa = PBXBuildFile; fileRef = 9E42AE7A191A8CA5006F42B0 /* actionMagic.png */; };
		9E42AE80191A8CA5006F42B0 /* actionRun.png in Resources */ = {isa = PBXBuildFile; fileRef = 9E42AE7B191A8CA5006F42B0 /* actionRun.png */; };
		9E42AE82191A8CE3006F42B0 /* tabBarMapIcon.png in Resources */ = {isa = PBXBuildFile; fileRef = 9E42AE81191A8CE3006F42B0 /* tabBarMapIcon.png */; };
		9E42AE85191B48A0006F42B0 /* RearViewDetailTableViewController.m in Sources */ = {isa = PBXBuildFile; fileRef = 9E42AE84191B48A0006F42B0 /* RearViewDetailTableViewController.m */; };
		9EDA52B5190E1E0800212715 /* tabBarEnemiesIcon.png in Resources */ = {isa = PBXBuildFile; fileRef = 9EDA52B0190E1E0800212715 /* tabBarEnemiesIcon.png */; };
		9EDA52B6190E1E0800212715 /* tabBarUserIcon.png in Resources */ = {isa = PBXBuildFile; fileRef = 9EDA52B1190E1E0800212715 /* tabBarUserIcon.png */; };
		9EDA52B7190E1E0800212715 /* tabBarInventoryIcon.png in Resources */ = {isa = PBXBuildFile; fileRef = 9EDA52B2190E1E0800212715 /* tabBarInventoryIcon.png */; };
		9EDA52B8190E1E0800212715 /* tabBarWorldIcon.png in Resources */ = {isa = PBXBuildFile; fileRef = 9EDA52B3190E1E0800212715 /* tabBarWorldIcon.png */; };
		9EDA52B9190E1E0800212715 /* tabBarMapIcon-deprectated.png in Resources */ = {isa = PBXBuildFile; fileRef = 9EDA52B4190E1E0800212715 /* tabBarMapIcon-deprectated.png */; };
		9EDA52BE190E1ED400212715 /* EnemyViewController.m in Sources */ = {isa = PBXBuildFile; fileRef = 9EDA52BD190E1ED400212715 /* EnemyViewController.m */; };
		9EDA52C1190E1F9900212715 /* MapViewController.m in Sources */ = {isa = PBXBuildFile; fileRef = 9EDA52C0190E1F9900212715 /* MapViewController.m */; };
		9EDA52C4190E286200212715 /* User.m in Sources */ = {isa = PBXBuildFile; fileRef = 9EDA52C3190E286200212715 /* User.m */; };
		9EDA52C9190E28AB00212715 /* Monster.m in Sources */ = {isa = PBXBuildFile; fileRef = 9EDA52C8190E28AB00212715 /* Monster.m */; };
		9EDA52CC190E291A00212715 /* UserViewController.m in Sources */ = {isa = PBXBuildFile; fileRef = 9EDA52CB190E291A00212715 /* UserViewController.m */; };
		9EDA52D2190EC76A00212715 /* InventoryTableViewController.m in Sources */ = {isa = PBXBuildFile; fileRef = 9EDA52D1190EC76A00212715 /* InventoryTableViewController.m */; };
		9EDA52D5190EC93E00212715 /* WorldViewController.m in Sources */ = {isa = PBXBuildFile; fileRef = 9EDA52D4190EC93E00212715 /* WorldViewController.m */; };
		9EDE5E2019111176002A3D93 /* QuestViewController.m in Sources */ = {isa = PBXBuildFile; fileRef = 9EDE5E1E19111176002A3D93 /* QuestViewController.m */; };
		9EDE5E2119111176002A3D93 /* QuestViewController.xib in Resources */ = {isa = PBXBuildFile; fileRef = 9EDE5E1F19111176002A3D93 /* QuestViewController.xib */; };
		9EDE5E2819116E20002A3D93 /* QuestSetupViewController.m in Sources */ = {isa = PBXBuildFile; fileRef = 9EDE5E2619116E20002A3D93 /* QuestSetupViewController.m */; };
		9EDE5E2919116E20002A3D93 /* QuestSetupViewController.xib in Resources */ = {isa = PBXBuildFile; fileRef = 9EDE5E2719116E20002A3D93 /* QuestSetupViewController.xib */; };
		9EDE5E2B191212AF002A3D93 /* UserViewController.xib in Resources */ = {isa = PBXBuildFile; fileRef = 9EDE5E2A191212AF002A3D93 /* UserViewController.xib */; };
		9EDE5E2E191218D9002A3D93 /* sorceress.jpg in Resources */ = {isa = PBXBuildFile; fileRef = 9EDE5E2C191218D9002A3D93 /* sorceress.jpg */; };
		9EDE5E2F191218D9002A3D93 /* warrior.jpg in Resources */ = {isa = PBXBuildFile; fileRef = 9EDE5E2D191218D9002A3D93 /* warrior.jpg */; };
		9EDE5E35191229A2002A3D93 /* EditUserViewController.m in Sources */ = {isa = PBXBuildFile; fileRef = 9EDE5E33191229A2002A3D93 /* EditUserViewController.m */; };
		9EDE5E36191229A2002A3D93 /* EditUserViewController.xib in Resources */ = {isa = PBXBuildFile; fileRef = 9EDE5E34191229A2002A3D93 /* EditUserViewController.xib */; };
/* End PBXBuildFile section */

/* Begin PBXContainerItemProxy section */
		0DDB3318190D62230079F5AE /* PBXContainerItemProxy */ = {
			isa = PBXContainerItemProxy;
			containerPortal = 0DDB32F0190D62230079F5AE /* Project object */;
			proxyType = 1;
			remoteGlobalIDString = 0DDB32F7190D62230079F5AE;
			remoteInfo = sword;
		};
/* End PBXContainerItemProxy section */

/* Begin PBXFileReference section */
		0D32C6901916F67500F1B0FF /* SwordAPI.h */ = {isa = PBXFileReference; fileEncoding = 4; lastKnownFileType = sourcecode.c.h; path = SwordAPI.h; sourceTree = "<group>"; };
		0D32C6911916F67500F1B0FF /* SwordAPI.m */ = {isa = PBXFileReference; fileEncoding = 4; lastKnownFileType = sourcecode.c.objc; path = SwordAPI.m; sourceTree = "<group>"; };
		0D32C6931916F6E200F1B0FF /* PersistencyManager.h */ = {isa = PBXFileReference; fileEncoding = 4; lastKnownFileType = sourcecode.c.h; path = PersistencyManager.h; sourceTree = "<group>"; };
		0D32C6941916F6E200F1B0FF /* PersistencyManager.m */ = {isa = PBXFileReference; fileEncoding = 4; lastKnownFileType = sourcecode.c.objc; path = PersistencyManager.m; sourceTree = "<group>"; };
		0D32C6961916F6F700F1B0FF /* HTTPClient.h */ = {isa = PBXFileReference; fileEncoding = 4; lastKnownFileType = sourcecode.c.h; path = HTTPClient.h; sourceTree = "<group>"; };
		0D32C6971916F6F700F1B0FF /* HTTPClient.m */ = {isa = PBXFileReference; fileEncoding = 4; lastKnownFileType = sourcecode.c.objc; path = HTTPClient.m; sourceTree = "<group>"; };
		0D32C6991917312500F1B0FF /* Calculator.h */ = {isa = PBXFileReference; fileEncoding = 4; lastKnownFileType = sourcecode.c.h; path = Calculator.h; sourceTree = "<group>"; };
		0D32C69A1917312500F1B0FF /* Calculator.m */ = {isa = PBXFileReference; fileEncoding = 4; lastKnownFileType = sourcecode.c.objc; path = Calculator.m; sourceTree = "<group>"; };
		0D5B7BFD1918F2B1000FA3F6 /* EnemyView.xib */ = {isa = PBXFileReference; fileEncoding = 4; lastKnownFileType = file.xib; path = EnemyView.xib; sourceTree = "<group>"; };
		0D5B7BFF1918F600000FA3F6 /* PersistencyManager+Utility.h */ = {isa = PBXFileReference; fileEncoding = 4; lastKnownFileType = sourcecode.c.h; path = "PersistencyManager+Utility.h"; sourceTree = "<group>"; };
		0D5B7C001918F600000FA3F6 /* PersistencyManager+Utility.m */ = {isa = PBXFileReference; fileEncoding = 4; lastKnownFileType = sourcecode.c.objc; path = "PersistencyManager+Utility.m"; sourceTree = "<group>"; };
		0D5B7C0B1919D0C3000FA3F6 /* FrontViewController.h */ = {isa = PBXFileReference; fileEncoding = 4; lastKnownFileType = sourcecode.c.h; path = FrontViewController.h; sourceTree = "<group>"; };
		0D5B7C0C1919D0C3000FA3F6 /* FrontViewController.m */ = {isa = PBXFileReference; fileEncoding = 4; lastKnownFileType = sourcecode.c.objc; path = FrontViewController.m; sourceTree = "<group>"; };
		0D5B7C0E1919D0D0000FA3F6 /* RearViewTableViewController.h */ = {isa = PBXFileReference; fileEncoding = 4; lastKnownFileType = sourcecode.c.h; path = RearViewTableViewController.h; sourceTree = "<group>"; };
		0D5B7C0F1919D0D0000FA3F6 /* RearViewTableViewController.m */ = {isa = PBXFileReference; fileEncoding = 4; lastKnownFileType = sourcecode.c.objc; path = RearViewTableViewController.m; sourceTree = "<group>"; };
		0D5B7C101919D0D0000FA3F6 /* RearViewController.xib */ = {isa = PBXFileReference; fileEncoding = 4; lastKnownFileType = file.xib; path = RearViewController.xib; sourceTree = "<group>"; };
		0D5B7C131919D0DE000FA3F6 /* RightViewController.h */ = {isa = PBXFileReference; fileEncoding = 4; lastKnownFileType = sourcecode.c.h; path = RightViewController.h; sourceTree = "<group>"; };
		0D5B7C141919D0DE000FA3F6 /* RightViewController.m */ = {isa = PBXFileReference; fileEncoding = 4; lastKnownFileType = sourcecode.c.objc; path = RightViewController.m; sourceTree = "<group>"; };
		0D5B7C151919D0DE000FA3F6 /* RightViewController.xib */ = {isa = PBXFileReference; fileEncoding = 4; lastKnownFileType = file.xib; path = RightViewController.xib; sourceTree = "<group>"; };
		0D5B7C1B1919D703000FA3F6 /* FrontViewController.xib */ = {isa = PBXFileReference; fileEncoding = 4; lastKnownFileType = file.xib; path = FrontViewController.xib; sourceTree = "<group>"; };
		0DDB32F8190D62230079F5AE /* sword.app */ = {isa = PBXFileReference; explicitFileType = wrapper.application; includeInIndex = 0; path = sword.app; sourceTree = BUILT_PRODUCTS_DIR; };
		0DDB32FB190D62230079F5AE /* Foundation.framework */ = {isa = PBXFileReference; lastKnownFileType = wrapper.framework; name = Foundation.framework; path = System/Library/Frameworks/Foundation.framework; sourceTree = SDKROOT; };
		0DDB32FD190D62230079F5AE /* CoreGraphics.framework */ = {isa = PBXFileReference; lastKnownFileType = wrapper.framework; name = CoreGraphics.framework; path = System/Library/Frameworks/CoreGraphics.framework; sourceTree = SDKROOT; };
		0DDB32FF190D62230079F5AE /* UIKit.framework */ = {isa = PBXFileReference; lastKnownFileType = wrapper.framework; name = UIKit.framework; path = System/Library/Frameworks/UIKit.framework; sourceTree = SDKROOT; };
		0DDB3303190D62230079F5AE /* sword-Info.plist */ = {isa = PBXFileReference; lastKnownFileType = text.plist.xml; path = "sword-Info.plist"; sourceTree = "<group>"; };
		0DDB3305190D62230079F5AE /* en */ = {isa = PBXFileReference; lastKnownFileType = text.plist.strings; name = en; path = en.lproj/InfoPlist.strings; sourceTree = "<group>"; };
		0DDB3307190D62230079F5AE /* main.m */ = {isa = PBXFileReference; lastKnownFileType = sourcecode.c.objc; path = main.m; sourceTree = "<group>"; };
		0DDB3309190D62230079F5AE /* sword-Prefix.pch */ = {isa = PBXFileReference; lastKnownFileType = sourcecode.c.h; path = "sword-Prefix.pch"; sourceTree = "<group>"; };
		0DDB330A190D62230079F5AE /* AppDelegate.h */ = {isa = PBXFileReference; lastKnownFileType = sourcecode.c.h; path = AppDelegate.h; sourceTree = "<group>"; };
		0DDB330B190D62230079F5AE /* AppDelegate.m */ = {isa = PBXFileReference; lastKnownFileType = sourcecode.c.objc; path = AppDelegate.m; sourceTree = "<group>"; };
		0DDB330D190D62230079F5AE /* Images.xcassets */ = {isa = PBXFileReference; lastKnownFileType = folder.assetcatalog; path = Images.xcassets; sourceTree = "<group>"; };
		0DDB3313190D62230079F5AE /* swordTests.xctest */ = {isa = PBXFileReference; explicitFileType = wrapper.cfbundle; includeInIndex = 0; path = swordTests.xctest; sourceTree = BUILT_PRODUCTS_DIR; };
		0DDB3314190D62230079F5AE /* XCTest.framework */ = {isa = PBXFileReference; lastKnownFileType = wrapper.framework; name = XCTest.framework; path = Library/Frameworks/XCTest.framework; sourceTree = DEVELOPER_DIR; };
		0DDB331C190D62230079F5AE /* swordTests-Info.plist */ = {isa = PBXFileReference; lastKnownFileType = text.plist.xml; path = "swordTests-Info.plist"; sourceTree = "<group>"; };
		0DDB331E190D62230079F5AE /* en */ = {isa = PBXFileReference; lastKnownFileType = text.plist.strings; name = en; path = en.lproj/InfoPlist.strings; sourceTree = "<group>"; };
		0DDB3320190D62230079F5AE /* swordTests.m */ = {isa = PBXFileReference; lastKnownFileType = sourcecode.c.objc; path = swordTests.m; sourceTree = "<group>"; };
		1FA4669785C841868DF38504 /* Pods.xcconfig */ = {isa = PBXFileReference; includeInIndex = 1; lastKnownFileType = text.xcconfig; name = Pods.xcconfig; path = Pods/Pods.xcconfig; sourceTree = "<group>"; };
		9E0FBAE01910502D00865E37 /* TutorialViewController.h */ = {isa = PBXFileReference; fileEncoding = 4; lastKnownFileType = sourcecode.c.h; path = TutorialViewController.h; sourceTree = "<group>"; };
		9E0FBAE11910502D00865E37 /* TutorialViewController.m */ = {isa = PBXFileReference; fileEncoding = 4; lastKnownFileType = sourcecode.c.objc; path = TutorialViewController.m; sourceTree = "<group>"; };
		9E0FBAE31910503B00865E37 /* TutorialChildViewController.h */ = {isa = PBXFileReference; fileEncoding = 4; lastKnownFileType = sourcecode.c.h; path = TutorialChildViewController.h; sourceTree = "<group>"; };
		9E0FBAE41910503B00865E37 /* TutorialChildViewController.m */ = {isa = PBXFileReference; fileEncoding = 4; lastKnownFileType = sourcecode.c.objc; path = TutorialChildViewController.m; sourceTree = "<group>"; };
		9E0FBAE51910503B00865E37 /* TutorialChildViewController.xib */ = {isa = PBXFileReference; fileEncoding = 4; lastKnownFileType = file.xib; path = TutorialChildViewController.xib; sourceTree = "<group>"; };
		9E42AE71191A7693006F42B0 /* revealIcon.png */ = {isa = PBXFileReference; lastKnownFileType = image.png; path = revealIcon.png; sourceTree = "<group>"; };
		9E42AE73191A776B006F42B0 /* chatIconActive.png */ = {isa = PBXFileReference; lastKnownFileType = image.png; path = chatIconActive.png; sourceTree = "<group>"; };
		9E42AE74191A776B006F42B0 /* chatIcon.png */ = {isa = PBXFileReference; lastKnownFileType = image.png; path = chatIcon.png; sourceTree = "<group>"; };
		9E42AE77191A8CA5006F42B0 /* actionAttack.png */ = {isa = PBXFileReference; lastKnownFileType = image.png; path = actionAttack.png; sourceTree = "<group>"; };
		9E42AE78191A8CA5006F42B0 /* actionDefend.png */ = {isa = PBXFileReference; lastKnownFileType = image.png; path = actionDefend.png; sourceTree = "<group>"; };
		9E42AE79191A8CA5006F42B0 /* actionInventory.png */ = {isa = PBXFileReference; lastKnownFileType = image.png; path = actionInventory.png; sourceTree = "<group>"; };
		9E42AE7A191A8CA5006F42B0 /* actionMagic.png */ = {isa = PBXFileReference; lastKnownFileType = image.png; path = actionMagic.png; sourceTree = "<group>"; };
		9E42AE7B191A8CA5006F42B0 /* actionRun.png */ = {isa = PBXFileReference; lastKnownFileType = image.png; path = actionRun.png; sourceTree = "<group>"; };
		9E42AE81191A8CE3006F42B0 /* tabBarMapIcon.png */ = {isa = PBXFileReference; lastKnownFileType = image.png; path = tabBarMapIcon.png; sourceTree = "<group>"; };
		9E42AE83191B48A0006F42B0 /* RearViewDetailTableViewController.h */ = {isa = PBXFileReference; fileEncoding = 4; lastKnownFileType = sourcecode.c.h; path = RearViewDetailTableViewController.h; sourceTree = "<group>"; };
		9E42AE84191B48A0006F42B0 /* RearViewDetailTableViewController.m */ = {isa = PBXFileReference; fileEncoding = 4; lastKnownFileType = sourcecode.c.objc; path = RearViewDetailTableViewController.m; sourceTree = "<group>"; };
		9EDA52B0190E1E0800212715 /* tabBarEnemiesIcon.png */ = {isa = PBXFileReference; lastKnownFileType = image.png; path = tabBarEnemiesIcon.png; sourceTree = "<group>"; };
		9EDA52B1190E1E0800212715 /* tabBarUserIcon.png */ = {isa = PBXFileReference; lastKnownFileType = image.png; path = tabBarUserIcon.png; sourceTree = "<group>"; };
		9EDA52B2190E1E0800212715 /* tabBarInventoryIcon.png */ = {isa = PBXFileReference; lastKnownFileType = image.png; path = tabBarInventoryIcon.png; sourceTree = "<group>"; };
		9EDA52B3190E1E0800212715 /* tabBarWorldIcon.png */ = {isa = PBXFileReference; lastKnownFileType = image.png; path = tabBarWorldIcon.png; sourceTree = "<group>"; };
		9EDA52B4190E1E0800212715 /* tabBarMapIcon-deprectated.png */ = {isa = PBXFileReference; lastKnownFileType = image.png; path = "tabBarMapIcon-deprectated.png"; sourceTree = "<group>"; };
		9EDA52BC190E1ED400212715 /* EnemyViewController.h */ = {isa = PBXFileReference; fileEncoding = 4; lastKnownFileType = sourcecode.c.h; name = EnemyViewController.h; path = ../EnemyViewController.h; sourceTree = "<group>"; };
		9EDA52BD190E1ED400212715 /* EnemyViewController.m */ = {isa = PBXFileReference; fileEncoding = 4; lastKnownFileType = sourcecode.c.objc; name = EnemyViewController.m; path = ../EnemyViewController.m; sourceTree = "<group>"; };
		9EDA52BF190E1F9900212715 /* MapViewController.h */ = {isa = PBXFileReference; fileEncoding = 4; lastKnownFileType = sourcecode.c.h; path = MapViewController.h; sourceTree = "<group>"; };
		9EDA52C0190E1F9900212715 /* MapViewController.m */ = {isa = PBXFileReference; fileEncoding = 4; lastKnownFileType = sourcecode.c.objc; path = MapViewController.m; sourceTree = "<group>"; };
		9EDA52C2190E286200212715 /* User.h */ = {isa = PBXFileReference; fileEncoding = 4; lastKnownFileType = sourcecode.c.h; name = User.h; path = ../User.h; sourceTree = "<group>"; };
		9EDA52C3190E286200212715 /* User.m */ = {isa = PBXFileReference; fileEncoding = 4; lastKnownFileType = sourcecode.c.objc; name = User.m; path = ../User.m; sourceTree = "<group>"; };
		9EDA52C7190E28AB00212715 /* Monster.h */ = {isa = PBXFileReference; fileEncoding = 4; lastKnownFileType = sourcecode.c.h; path = Monster.h; sourceTree = "<group>"; };
		9EDA52C8190E28AB00212715 /* Monster.m */ = {isa = PBXFileReference; fileEncoding = 4; lastKnownFileType = sourcecode.c.objc; path = Monster.m; sourceTree = "<group>"; };
		9EDA52CA190E291A00212715 /* UserViewController.h */ = {isa = PBXFileReference; fileEncoding = 4; lastKnownFileType = sourcecode.c.h; path = UserViewController.h; sourceTree = "<group>"; };
		9EDA52CB190E291A00212715 /* UserViewController.m */ = {isa = PBXFileReference; fileEncoding = 4; lastKnownFileType = sourcecode.c.objc; path = UserViewController.m; sourceTree = "<group>"; };
		9EDA52D0190EC76A00212715 /* InventoryTableViewController.h */ = {isa = PBXFileReference; fileEncoding = 4; lastKnownFileType = sourcecode.c.h; path = InventoryTableViewController.h; sourceTree = "<group>"; };
		9EDA52D1190EC76A00212715 /* InventoryTableViewController.m */ = {isa = PBXFileReference; fileEncoding = 4; lastKnownFileType = sourcecode.c.objc; path = InventoryTableViewController.m; sourceTree = "<group>"; };
		9EDA52D3190EC93E00212715 /* WorldViewController.h */ = {isa = PBXFileReference; fileEncoding = 4; lastKnownFileType = sourcecode.c.h; path = WorldViewController.h; sourceTree = "<group>"; };
		9EDA52D4190EC93E00212715 /* WorldViewController.m */ = {isa = PBXFileReference; fileEncoding = 4; lastKnownFileType = sourcecode.c.objc; path = WorldViewController.m; sourceTree = "<group>"; };
		9EDE5E1D19111176002A3D93 /* QuestViewController.h */ = {isa = PBXFileReference; fileEncoding = 4; lastKnownFileType = sourcecode.c.h; path = QuestViewController.h; sourceTree = "<group>"; };
		9EDE5E1E19111176002A3D93 /* QuestViewController.m */ = {isa = PBXFileReference; fileEncoding = 4; lastKnownFileType = sourcecode.c.objc; path = QuestViewController.m; sourceTree = "<group>"; };
		9EDE5E1F19111176002A3D93 /* QuestViewController.xib */ = {isa = PBXFileReference; fileEncoding = 4; lastKnownFileType = file.xib; path = QuestViewController.xib; sourceTree = "<group>"; };
		9EDE5E2519116E20002A3D93 /* QuestSetupViewController.h */ = {isa = PBXFileReference; fileEncoding = 4; lastKnownFileType = sourcecode.c.h; path = QuestSetupViewController.h; sourceTree = "<group>"; };
		9EDE5E2619116E20002A3D93 /* QuestSetupViewController.m */ = {isa = PBXFileReference; fileEncoding = 4; lastKnownFileType = sourcecode.c.objc; path = QuestSetupViewController.m; sourceTree = "<group>"; };
		9EDE5E2719116E20002A3D93 /* QuestSetupViewController.xib */ = {isa = PBXFileReference; fileEncoding = 4; lastKnownFileType = file.xib; path = QuestSetupViewController.xib; sourceTree = "<group>"; };
		9EDE5E2A191212AF002A3D93 /* UserViewController.xib */ = {isa = PBXFileReference; fileEncoding = 4; lastKnownFileType = file.xib; path = UserViewController.xib; sourceTree = "<group>"; };
		9EDE5E2C191218D9002A3D93 /* sorceress.jpg */ = {isa = PBXFileReference; lastKnownFileType = image.jpeg; path = sorceress.jpg; sourceTree = "<group>"; };
		9EDE5E2D191218D9002A3D93 /* warrior.jpg */ = {isa = PBXFileReference; lastKnownFileType = image.jpeg; path = warrior.jpg; sourceTree = "<group>"; };
		9EDE5E32191229A2002A3D93 /* EditUserViewController.h */ = {isa = PBXFileReference; fileEncoding = 4; lastKnownFileType = sourcecode.c.h; path = EditUserViewController.h; sourceTree = "<group>"; };
		9EDE5E33191229A2002A3D93 /* EditUserViewController.m */ = {isa = PBXFileReference; fileEncoding = 4; lastKnownFileType = sourcecode.c.objc; path = EditUserViewController.m; sourceTree = "<group>"; };
		9EDE5E34191229A2002A3D93 /* EditUserViewController.xib */ = {isa = PBXFileReference; fileEncoding = 4; lastKnownFileType = file.xib; path = EditUserViewController.xib; sourceTree = "<group>"; };
		AE0ED7A6D5184CA4A2460B1B /* libPods.a */ = {isa = PBXFileReference; explicitFileType = archive.ar; includeInIndex = 0; path = libPods.a; sourceTree = BUILT_PRODUCTS_DIR; };
/* End PBXFileReference section */

/* Begin PBXFrameworksBuildPhase section */
		0DDB32F5190D62230079F5AE /* Frameworks */ = {
			isa = PBXFrameworksBuildPhase;
			buildActionMask = 2147483647;
			files = (
				0DDB32FE190D62230079F5AE /* CoreGraphics.framework in Frameworks */,
				0DDB3300190D62230079F5AE /* UIKit.framework in Frameworks */,
				0DDB32FC190D62230079F5AE /* Foundation.framework in Frameworks */,
				5F1CDB127A6444CBBE85CA41 /* libPods.a in Frameworks */,
			);
			runOnlyForDeploymentPostprocessing = 0;
		};
		0DDB3310190D62230079F5AE /* Frameworks */ = {
			isa = PBXFrameworksBuildPhase;
			buildActionMask = 2147483647;
			files = (
				0DDB3315190D62230079F5AE /* XCTest.framework in Frameworks */,
				0DDB3317190D62230079F5AE /* UIKit.framework in Frameworks */,
				0DDB3316190D62230079F5AE /* Foundation.framework in Frameworks */,
			);
			runOnlyForDeploymentPostprocessing = 0;
		};
/* End PBXFrameworksBuildPhase section */

/* Begin PBXGroup section */
		0D32C68F1916F64200F1B0FF /* API */ = {
			isa = PBXGroup;
			children = (
				0D32C6901916F67500F1B0FF /* SwordAPI.h */,
				0D32C6911916F67500F1B0FF /* SwordAPI.m */,
				0D32C6931916F6E200F1B0FF /* PersistencyManager.h */,
				0D32C6941916F6E200F1B0FF /* PersistencyManager.m */,
				0D5B7BFF1918F600000FA3F6 /* PersistencyManager+Utility.h */,
				0D5B7C001918F600000FA3F6 /* PersistencyManager+Utility.m */,
				0D32C6961916F6F700F1B0FF /* HTTPClient.h */,
				0D32C6971916F6F700F1B0FF /* HTTPClient.m */,
				0D32C6991917312500F1B0FF /* Calculator.h */,
				0D32C69A1917312500F1B0FF /* Calculator.m */,
			);
			name = API;
			sourceTree = "<group>";
		};
		0D5B7BFA1918F27B000FA3F6 /* Enemy */ = {
			isa = PBXGroup;
			children = (
				9EDA52BC190E1ED400212715 /* EnemyViewController.h */,
				9EDA52BD190E1ED400212715 /* EnemyViewController.m */,
				0D5B7BFD1918F2B1000FA3F6 /* EnemyView.xib */,
				0D5B7C0B1919D0C3000FA3F6 /* FrontViewController.h */,
				0D5B7C0C1919D0C3000FA3F6 /* FrontViewController.m */,
				0D5B7C1B1919D703000FA3F6 /* FrontViewController.xib */,
				0D5B7C0E1919D0D0000FA3F6 /* RearViewTableViewController.h */,
				0D5B7C0F1919D0D0000FA3F6 /* RearViewTableViewController.m */,
				0D5B7C101919D0D0000FA3F6 /* RearViewController.xib */,
				0D5B7C131919D0DE000FA3F6 /* RightViewController.h */,
				0D5B7C141919D0DE000FA3F6 /* RightViewController.m */,
				0D5B7C151919D0DE000FA3F6 /* RightViewController.xib */,
				9E42AE83191B48A0006F42B0 /* RearViewDetailTableViewController.h */,
				9E42AE84191B48A0006F42B0 /* RearViewDetailTableViewController.m */,
			);
			name = Enemy;
			sourceTree = "<group>";
		};
		0DDB32EF190D62230079F5AE = {
			isa = PBXGroup;
			children = (
				0DDB3301190D62230079F5AE /* sword */,
				0DDB331A190D62230079F5AE /* swordTests */,
				0DDB32FA190D62230079F5AE /* Frameworks */,
				0DDB32F9190D62230079F5AE /* Products */,
				1FA4669785C841868DF38504 /* Pods.xcconfig */,
			);
			sourceTree = "<group>";
		};
		0DDB32F9190D62230079F5AE /* Products */ = {
			isa = PBXGroup;
			children = (
				0DDB32F8190D62230079F5AE /* sword.app */,
				0DDB3313190D62230079F5AE /* swordTests.xctest */,
			);
			name = Products;
			sourceTree = "<group>";
		};
		0DDB32FA190D62230079F5AE /* Frameworks */ = {
			isa = PBXGroup;
			children = (
				0DDB32FB190D62230079F5AE /* Foundation.framework */,
				0DDB32FD190D62230079F5AE /* CoreGraphics.framework */,
				0DDB32FF190D62230079F5AE /* UIKit.framework */,
				0DDB3314190D62230079F5AE /* XCTest.framework */,
				AE0ED7A6D5184CA4A2460B1B /* libPods.a */,
			);
			name = Frameworks;
			sourceTree = "<group>";
		};
		0DDB3301190D62230079F5AE /* sword */ = {
			isa = PBXGroup;
			children = (
				0D32C68F1916F64200F1B0FF /* API */,
				9EDA52C6190E287400212715 /* Controllers */,
				9EDA52C5190E286900212715 /* Models */,
				0DDB330A190D62230079F5AE /* AppDelegate.h */,
				0DDB330B190D62230079F5AE /* AppDelegate.m */,
				0DDB330D190D62230079F5AE /* Images.xcassets */,
				0DDB3302190D62230079F5AE /* Supporting Files */,
			);
			path = sword;
			sourceTree = "<group>";
		};
		0DDB3302190D62230079F5AE /* Supporting Files */ = {
			isa = PBXGroup;
			children = (
				9EDA52BB190E1E2100212715 /* Images */,
				0DDB3303190D62230079F5AE /* sword-Info.plist */,
				0DDB3304190D62230079F5AE /* InfoPlist.strings */,
				0DDB3307190D62230079F5AE /* main.m */,
				0DDB3309190D62230079F5AE /* sword-Prefix.pch */,
			);
			name = "Supporting Files";
			sourceTree = "<group>";
		};
		0DDB331A190D62230079F5AE /* swordTests */ = {
			isa = PBXGroup;
			children = (
				0DDB3320190D62230079F5AE /* swordTests.m */,
				0DDB331B190D62230079F5AE /* Supporting Files */,
			);
			path = swordTests;
			sourceTree = "<group>";
		};
		0DDB331B190D62230079F5AE /* Supporting Files */ = {
			isa = PBXGroup;
			children = (
				0DDB331C190D62230079F5AE /* swordTests-Info.plist */,
				0DDB331D190D62230079F5AE /* InfoPlist.strings */,
			);
			name = "Supporting Files";
			sourceTree = "<group>";
		};
		9EDA52BB190E1E2100212715 /* Images */ = {
			isa = PBXGroup;
			children = (
				9E42AE81191A8CE3006F42B0 /* tabBarMapIcon.png */,
				9E42AE77191A8CA5006F42B0 /* actionAttack.png */,
				9E42AE78191A8CA5006F42B0 /* actionDefend.png */,
				9E42AE79191A8CA5006F42B0 /* actionInventory.png */,
				9E42AE7A191A8CA5006F42B0 /* actionMagic.png */,
				9E42AE7B191A8CA5006F42B0 /* actionRun.png */,
				9E42AE73191A776B006F42B0 /* chatIconActive.png */,
				9E42AE74191A776B006F42B0 /* chatIcon.png */,
				9E42AE71191A7693006F42B0 /* revealIcon.png */,
				9EDE5E2C191218D9002A3D93 /* sorceress.jpg */,
				9EDE5E2D191218D9002A3D93 /* warrior.jpg */,
				9EDA52B0190E1E0800212715 /* tabBarEnemiesIcon.png */,
				9EDA52B1190E1E0800212715 /* tabBarUserIcon.png */,
				9EDA52B2190E1E0800212715 /* tabBarInventoryIcon.png */,
				9EDA52B3190E1E0800212715 /* tabBarWorldIcon.png */,
				9EDA52B4190E1E0800212715 /* tabBarMapIcon-deprectated.png */,
			);
			name = Images;
			sourceTree = "<group>";
		};
		9EDA52C5190E286900212715 /* Models */ = {
			isa = PBXGroup;
			children = (
				9EDA52C2190E286200212715 /* User.h */,
				9EDA52C3190E286200212715 /* User.m */,
				9EDA52C7190E28AB00212715 /* Monster.h */,
				9EDA52C8190E28AB00212715 /* Monster.m */,
			);
			name = Models;
			sourceTree = "<group>";
		};
		9EDA52C6190E287400212715 /* Controllers */ = {
			isa = PBXGroup;
			children = (
				9EDE5E38191229B6002A3D93 /* Main */,
				9EDE5E31191220B5002A3D93 /* Quest */,
				9EDE5E30191220AA002A3D93 /* Tutorial */,
				9EDA52BF190E1F9900212715 /* MapViewController.h */,
				9EDA52C0190E1F9900212715 /* MapViewController.m */,
				9EDA52D0190EC76A00212715 /* InventoryTableViewController.h */,
				9EDA52D1190EC76A00212715 /* InventoryTableViewController.m */,
				9EDA52D3190EC93E00212715 /* WorldViewController.h */,
				9EDA52D4190EC93E00212715 /* WorldViewController.m */,
			);
			name = Controllers;
			sourceTree = "<group>";
		};
		9EDE5E30191220AA002A3D93 /* Tutorial */ = {
			isa = PBXGroup;
			children = (
				9E0FBAE51910503B00865E37 /* TutorialChildViewController.xib */,
				9E0FBAE01910502D00865E37 /* TutorialViewController.h */,
				9E0FBAE11910502D00865E37 /* TutorialViewController.m */,
				9E0FBAE31910503B00865E37 /* TutorialChildViewController.h */,
				9E0FBAE41910503B00865E37 /* TutorialChildViewController.m */,
			);
			name = Tutorial;
			sourceTree = "<group>";
		};
		9EDE5E31191220B5002A3D93 /* Quest */ = {
			isa = PBXGroup;
			children = (
				9EDE5E1D19111176002A3D93 /* QuestViewController.h */,
				9EDE5E2519116E20002A3D93 /* QuestSetupViewController.h */,
				9EDE5E2619116E20002A3D93 /* QuestSetupViewController.m */,
				9EDE5E2719116E20002A3D93 /* QuestSetupViewController.xib */,
				9EDE5E1E19111176002A3D93 /* QuestViewController.m */,
				9EDE5E1F19111176002A3D93 /* QuestViewController.xib */,
			);
			name = Quest;
			sourceTree = "<group>";
		};
		9EDE5E37191229AB002A3D93 /* User */ = {
			isa = PBXGroup;
			children = (
				9EDE5E32191229A2002A3D93 /* EditUserViewController.h */,
				9EDE5E33191229A2002A3D93 /* EditUserViewController.m */,
				9EDE5E34191229A2002A3D93 /* EditUserViewController.xib */,
				9EDA52CA190E291A00212715 /* UserViewController.h */,
				9EDA52CB190E291A00212715 /* UserViewController.m */,
				9EDE5E2A191212AF002A3D93 /* UserViewController.xib */,
			);
			name = User;
			sourceTree = "<group>";
		};
		9EDE5E38191229B6002A3D93 /* Main */ = {
			isa = PBXGroup;
			children = (
				0D5B7BFA1918F27B000FA3F6 /* Enemy */,
				9EDE5E37191229AB002A3D93 /* User */,
			);
			name = Main;
			sourceTree = "<group>";
		};
/* End PBXGroup section */

/* Begin PBXNativeTarget section */
		0DDB32F7190D62230079F5AE /* sword */ = {
			isa = PBXNativeTarget;
			buildConfigurationList = 0DDB3324190D62230079F5AE /* Build configuration list for PBXNativeTarget "sword" */;
			buildPhases = (
				F21FE20949414B7284B14A2C /* Check Pods Manifest.lock */,
				0DDB32F4190D62230079F5AE /* Sources */,
				0DDB32F5190D62230079F5AE /* Frameworks */,
				0DDB32F6190D62230079F5AE /* Resources */,
				76E657934BB549B9B67B6A33 /* Copy Pods Resources */,
			);
			buildRules = (
			);
			dependencies = (
			);
			name = sword;
			productName = sword;
			productReference = 0DDB32F8190D62230079F5AE /* sword.app */;
			productType = "com.apple.product-type.application";
		};
		0DDB3312190D62230079F5AE /* swordTests */ = {
			isa = PBXNativeTarget;
			buildConfigurationList = 0DDB3327190D62230079F5AE /* Build configuration list for PBXNativeTarget "swordTests" */;
			buildPhases = (
				0DDB330F190D62230079F5AE /* Sources */,
				0DDB3310190D62230079F5AE /* Frameworks */,
				0DDB3311190D62230079F5AE /* Resources */,
			);
			buildRules = (
			);
			dependencies = (
				0DDB3319190D62230079F5AE /* PBXTargetDependency */,
			);
			name = swordTests;
			productName = swordTests;
			productReference = 0DDB3313190D62230079F5AE /* swordTests.xctest */;
			productType = "com.apple.product-type.bundle.unit-test";
		};
/* End PBXNativeTarget section */

/* Begin PBXProject section */
		0DDB32F0190D62230079F5AE /* Project object */ = {
			isa = PBXProject;
			attributes = {
				LastUpgradeCheck = 0510;
				ORGANIZATIONNAME = "Verdi Ergun";
				TargetAttributes = {
					0DDB3312190D62230079F5AE = {
						TestTargetID = 0DDB32F7190D62230079F5AE;
					};
				};
			};
			buildConfigurationList = 0DDB32F3190D62230079F5AE /* Build configuration list for PBXProject "sword" */;
			compatibilityVersion = "Xcode 3.2";
			developmentRegion = English;
			hasScannedForEncodings = 0;
			knownRegions = (
				en,
			);
			mainGroup = 0DDB32EF190D62230079F5AE;
			productRefGroup = 0DDB32F9190D62230079F5AE /* Products */;
			projectDirPath = "";
			projectRoot = "";
			targets = (
				0DDB32F7190D62230079F5AE /* sword */,
				0DDB3312190D62230079F5AE /* swordTests */,
			);
		};
/* End PBXProject section */

/* Begin PBXResourcesBuildPhase section */
		0DDB32F6190D62230079F5AE /* Resources */ = {
			isa = PBXResourcesBuildPhase;
			buildActionMask = 2147483647;
			files = (
				9EDE5E2B191212AF002A3D93 /* UserViewController.xib in Resources */,
				9EDE5E2F191218D9002A3D93 /* warrior.jpg in Resources */,
				0DDB3306190D62230079F5AE /* InfoPlist.strings in Resources */,
				9E42AE72191A7693006F42B0 /* revealIcon.png in Resources */,
				0D5B7C121919D0D0000FA3F6 /* RearViewController.xib in Resources */,
				9EDA52B6190E1E0800212715 /* tabBarUserIcon.png in Resources */,
				9EDA52B8190E1E0800212715 /* tabBarWorldIcon.png in Resources */,
				9E42AE80191A8CA5006F42B0 /* actionRun.png in Resources */,
				9EDE5E2119111176002A3D93 /* QuestViewController.xib in Resources */,
				9EDE5E2E191218D9002A3D93 /* sorceress.jpg in Resources */,
				9EDE5E36191229A2002A3D93 /* EditUserViewController.xib in Resources */,
				9EDA52B9190E1E0800212715 /* tabBarMapIcon-deprectated.png in Resources */,
				0D5B7C1C1919D703000FA3F6 /* FrontViewController.xib in Resources */,
				0DDB330E190D62230079F5AE /* Images.xcassets in Resources */,
				9E42AE82191A8CE3006F42B0 /* tabBarMapIcon.png in Resources */,
				9E42AE7C191A8CA5006F42B0 /* actionAttack.png in Resources */,
				0D5B7BFE1918F2B1000FA3F6 /* EnemyView.xib in Resources */,
				9E42AE75191A776B006F42B0 /* chatIconActive.png in Resources */,
				9E42AE7E191A8CA5006F42B0 /* actionInventory.png in Resources */,
				9E42AE7F191A8CA5006F42B0 /* actionMagic.png in Resources */,
				9E42AE76191A776B006F42B0 /* chatIcon.png in Resources */,
				9EDE5E2919116E20002A3D93 /* QuestSetupViewController.xib in Resources */,
				9E42AE7D191A8CA5006F42B0 /* actionDefend.png in Resources */,
				9EDA52B5190E1E0800212715 /* tabBarEnemiesIcon.png in Resources */,
				0D5B7C171919D0DE000FA3F6 /* RightViewController.xib in Resources */,
				9EDA52B7190E1E0800212715 /* tabBarInventoryIcon.png in Resources */,
				9E0FBAE71910503B00865E37 /* TutorialChildViewController.xib in Resources */,
			);
			runOnlyForDeploymentPostprocessing = 0;
		};
		0DDB3311190D62230079F5AE /* Resources */ = {
			isa = PBXResourcesBuildPhase;
			buildActionMask = 2147483647;
			files = (
				0DDB331F190D62230079F5AE /* InfoPlist.strings in Resources */,
			);
			runOnlyForDeploymentPostprocessing = 0;
		};
/* End PBXResourcesBuildPhase section */

/* Begin PBXShellScriptBuildPhase section */
		76E657934BB549B9B67B6A33 /* Copy Pods Resources */ = {
			isa = PBXShellScriptBuildPhase;
			buildActionMask = 2147483647;
			files = (
			);
			inputPaths = (
			);
			name = "Copy Pods Resources";
			outputPaths = (
			);
			runOnlyForDeploymentPostprocessing = 0;
			shellPath = /bin/sh;
			shellScript = "\"${SRCROOT}/Pods/Pods-resources.sh\"\n";
			showEnvVarsInLog = 0;
		};
		F21FE20949414B7284B14A2C /* Check Pods Manifest.lock */ = {
			isa = PBXShellScriptBuildPhase;
			buildActionMask = 2147483647;
			files = (
			);
			inputPaths = (
			);
			name = "Check Pods Manifest.lock";
			outputPaths = (
			);
			runOnlyForDeploymentPostprocessing = 0;
			shellPath = /bin/sh;
			shellScript = "diff \"${PODS_ROOT}/../Podfile.lock\" \"${PODS_ROOT}/Manifest.lock\" > /dev/null\nif [[ $? != 0 ]] ; then\n    cat << EOM\nerror: The sandbox is not in sync with the Podfile.lock. Run 'pod install' or update your CocoaPods installation.\nEOM\n    exit 1\nfi\n";
			showEnvVarsInLog = 0;
		};
/* End PBXShellScriptBuildPhase section */

/* Begin PBXSourcesBuildPhase section */
		0DDB32F4190D62230079F5AE /* Sources */ = {
			isa = PBXSourcesBuildPhase;
			buildActionMask = 2147483647;
			files = (
				9EDA52C9190E28AB00212715 /* Monster.m in Sources */,
				9E42AE85191B48A0006F42B0 /* RearViewDetailTableViewController.m in Sources */,
				9EDE5E2819116E20002A3D93 /* QuestSetupViewController.m in Sources */,
				9EDE5E35191229A2002A3D93 /* EditUserViewController.m in Sources */,
				0D32C69B1917312500F1B0FF /* Calculator.m in Sources */,
				0D32C6951916F6E200F1B0FF /* PersistencyManager.m in Sources */,
				0D5B7C161919D0DE000FA3F6 /* RightViewController.m in Sources */,
				0DDB330C190D62230079F5AE /* AppDelegate.m in Sources */,
				9EDA52CC190E291A00212715 /* UserViewController.m in Sources */,
				9EDA52C4190E286200212715 /* User.m in Sources */,
				9E0FBAE61910503B00865E37 /* TutorialChildViewController.m in Sources */,
				9EDE5E2019111176002A3D93 /* QuestViewController.m in Sources */,
				9E0FBAE21910502D00865E37 /* TutorialViewController.m in Sources */,
				9EDA52C1190E1F9900212715 /* MapViewController.m in Sources */,
				0D5B7C0D1919D0C3000FA3F6 /* FrontViewController.m in Sources */,
				9EDA52D5190EC93E00212715 /* WorldViewController.m in Sources */,
				0D32C6981916F6F700F1B0FF /* HTTPClient.m in Sources */,
				0D5B7C111919D0D0000FA3F6 /* RearViewTableViewController.m in Sources */,
				0DDB3308190D62230079F5AE /* main.m in Sources */,
				9EDA52D2190EC76A00212715 /* InventoryTableViewController.m in Sources */,
				0D32C6921916F67500F1B0FF /* SwordAPI.m in Sources */,
				9EDA52BE190E1ED400212715 /* EnemyViewController.m in Sources */,
				0D5B7C011918F600000FA3F6 /* PersistencyManager+Utility.m in Sources */,
			);
			runOnlyForDeploymentPostprocessing = 0;
		};
		0DDB330F190D62230079F5AE /* Sources */ = {
			isa = PBXSourcesBuildPhase;
			buildActionMask = 2147483647;
			files = (
				0DDB3321190D62230079F5AE /* swordTests.m in Sources */,
			);
			runOnlyForDeploymentPostprocessing = 0;
		};
/* End PBXSourcesBuildPhase section */

/* Begin PBXTargetDependency section */
		0DDB3319190D62230079F5AE /* PBXTargetDependency */ = {
			isa = PBXTargetDependency;
			target = 0DDB32F7190D62230079F5AE /* sword */;
			targetProxy = 0DDB3318190D62230079F5AE /* PBXContainerItemProxy */;
		};
/* End PBXTargetDependency section */

/* Begin PBXVariantGroup section */
		0DDB3304190D62230079F5AE /* InfoPlist.strings */ = {
			isa = PBXVariantGroup;
			children = (
				0DDB3305190D62230079F5AE /* en */,
			);
			name = InfoPlist.strings;
			sourceTree = "<group>";
		};
		0DDB331D190D62230079F5AE /* InfoPlist.strings */ = {
			isa = PBXVariantGroup;
			children = (
				0DDB331E190D62230079F5AE /* en */,
			);
			name = InfoPlist.strings;
			sourceTree = "<group>";
		};
/* End PBXVariantGroup section */

/* Begin XCBuildConfiguration section */
		0DDB3322190D62230079F5AE /* Debug */ = {
			isa = XCBuildConfiguration;
			buildSettings = {
				ALWAYS_SEARCH_USER_PATHS = NO;
				CLANG_CXX_LANGUAGE_STANDARD = "gnu++0x";
				CLANG_CXX_LIBRARY = "libc++";
				CLANG_ENABLE_MODULES = YES;
				CLANG_ENABLE_OBJC_ARC = YES;
				CLANG_WARN_BOOL_CONVERSION = YES;
				CLANG_WARN_CONSTANT_CONVERSION = YES;
				CLANG_WARN_DIRECT_OBJC_ISA_USAGE = YES_ERROR;
				CLANG_WARN_EMPTY_BODY = YES;
				CLANG_WARN_ENUM_CONVERSION = YES;
				CLANG_WARN_INT_CONVERSION = YES;
				CLANG_WARN_OBJC_ROOT_CLASS = YES_ERROR;
				CLANG_WARN__DUPLICATE_METHOD_MATCH = YES;
				"CODE_SIGN_IDENTITY[sdk=iphoneos*]" = "iPhone Developer";
				COPY_PHASE_STRIP = NO;
				GCC_C_LANGUAGE_STANDARD = gnu99;
				GCC_DYNAMIC_NO_PIC = NO;
				GCC_OPTIMIZATION_LEVEL = 0;
				GCC_PREPROCESSOR_DEFINITIONS = (
					"DEBUG=1",
					"$(inherited)",
				);
				GCC_SYMBOLS_PRIVATE_EXTERN = NO;
				GCC_WARN_64_TO_32_BIT_CONVERSION = YES;
				GCC_WARN_ABOUT_RETURN_TYPE = YES_ERROR;
				GCC_WARN_UNDECLARED_SELECTOR = YES;
				GCC_WARN_UNINITIALIZED_AUTOS = YES_AGGRESSIVE;
				GCC_WARN_UNUSED_FUNCTION = YES;
				GCC_WARN_UNUSED_VARIABLE = YES;
				IPHONEOS_DEPLOYMENT_TARGET = 7.1;
				ONLY_ACTIVE_ARCH = YES;
				SDKROOT = iphoneos;
				TARGETED_DEVICE_FAMILY = "1,2";
			};
			name = Debug;
		};
		0DDB3323190D62230079F5AE /* Release */ = {
			isa = XCBuildConfiguration;
			buildSettings = {
				ALWAYS_SEARCH_USER_PATHS = NO;
				CLANG_CXX_LANGUAGE_STANDARD = "gnu++0x";
				CLANG_CXX_LIBRARY = "libc++";
				CLANG_ENABLE_MODULES = YES;
				CLANG_ENABLE_OBJC_ARC = YES;
				CLANG_WARN_BOOL_CONVERSION = YES;
				CLANG_WARN_CONSTANT_CONVERSION = YES;
				CLANG_WARN_DIRECT_OBJC_ISA_USAGE = YES_ERROR;
				CLANG_WARN_EMPTY_BODY = YES;
				CLANG_WARN_ENUM_CONVERSION = YES;
				CLANG_WARN_INT_CONVERSION = YES;
				CLANG_WARN_OBJC_ROOT_CLASS = YES_ERROR;
				CLANG_WARN__DUPLICATE_METHOD_MATCH = YES;
				"CODE_SIGN_IDENTITY[sdk=iphoneos*]" = "iPhone Developer";
				COPY_PHASE_STRIP = YES;
				ENABLE_NS_ASSERTIONS = NO;
				GCC_C_LANGUAGE_STANDARD = gnu99;
				GCC_WARN_64_TO_32_BIT_CONVERSION = YES;
				GCC_WARN_ABOUT_RETURN_TYPE = YES_ERROR;
				GCC_WARN_UNDECLARED_SELECTOR = YES;
				GCC_WARN_UNINITIALIZED_AUTOS = YES_AGGRESSIVE;
				GCC_WARN_UNUSED_FUNCTION = YES;
				GCC_WARN_UNUSED_VARIABLE = YES;
				IPHONEOS_DEPLOYMENT_TARGET = 7.1;
				SDKROOT = iphoneos;
				TARGETED_DEVICE_FAMILY = "1,2";
				VALIDATE_PRODUCT = YES;
			};
			name = Release;
		};
		0DDB3325190D62230079F5AE /* Debug */ = {
			isa = XCBuildConfiguration;
			baseConfigurationReference = 1FA4669785C841868DF38504 /* Pods.xcconfig */;
			buildSettings = {
				ASSETCATALOG_COMPILER_APPICON_NAME = AppIcon;
				ASSETCATALOG_COMPILER_LAUNCHIMAGE_NAME = LaunchImage;
				GCC_PRECOMPILE_PREFIX_HEADER = YES;
				GCC_PREFIX_HEADER = "sword/sword-Prefix.pch";
				INFOPLIST_FILE = "sword/sword-Info.plist";
				PRODUCT_NAME = "$(TARGET_NAME)";
				WRAPPER_EXTENSION = app;
			};
			name = Debug;
		};
		0DDB3326190D62230079F5AE /* Release */ = {
			isa = XCBuildConfiguration;
			baseConfigurationReference = 1FA4669785C841868DF38504 /* Pods.xcconfig */;
			buildSettings = {
				ASSETCATALOG_COMPILER_APPICON_NAME = AppIcon;
				ASSETCATALOG_COMPILER_LAUNCHIMAGE_NAME = LaunchImage;
				GCC_PRECOMPILE_PREFIX_HEADER = YES;
				GCC_PREFIX_HEADER = "sword/sword-Prefix.pch";
				INFOPLIST_FILE = "sword/sword-Info.plist";
				PRODUCT_NAME = "$(TARGET_NAME)";
				WRAPPER_EXTENSION = app;
			};
			name = Release;
		};
		0DDB3328190D62230079F5AE /* Debug */ = {
			isa = XCBuildConfiguration;
			buildSettings = {
				BUNDLE_LOADER = "$(BUILT_PRODUCTS_DIR)/sword.app/sword";
				FRAMEWORK_SEARCH_PATHS = (
					"$(SDKROOT)/Developer/Library/Frameworks",
					"$(inherited)",
					"$(DEVELOPER_FRAMEWORKS_DIR)",
				);
				GCC_PRECOMPILE_PREFIX_HEADER = YES;
				GCC_PREFIX_HEADER = "sword/sword-Prefix.pch";
				GCC_PREPROCESSOR_DEFINITIONS = (
					"DEBUG=1",
					"$(inherited)",
				);
				INFOPLIST_FILE = "swordTests/swordTests-Info.plist";
				PRODUCT_NAME = "$(TARGET_NAME)";
				TEST_HOST = "$(BUNDLE_LOADER)";
				WRAPPER_EXTENSION = xctest;
			};
			name = Debug;
		};
		0DDB3329190D62230079F5AE /* Release */ = {
			isa = XCBuildConfiguration;
			buildSettings = {
				BUNDLE_LOADER = "$(BUILT_PRODUCTS_DIR)/sword.app/sword";
				FRAMEWORK_SEARCH_PATHS = (
					"$(SDKROOT)/Developer/Library/Frameworks",
					"$(inherited)",
					"$(DEVELOPER_FRAMEWORKS_DIR)",
				);
				GCC_PRECOMPILE_PREFIX_HEADER = YES;
				GCC_PREFIX_HEADER = "sword/sword-Prefix.pch";
				INFOPLIST_FILE = "swordTests/swordTests-Info.plist";
				PRODUCT_NAME = "$(TARGET_NAME)";
				TEST_HOST = "$(BUNDLE_LOADER)";
				WRAPPER_EXTENSION = xctest;
			};
			name = Release;
		};
/* End XCBuildConfiguration section */

/* Begin XCConfigurationList section */
		0DDB32F3190D62230079F5AE /* Build configuration list for PBXProject "sword" */ = {
			isa = XCConfigurationList;
			buildConfigurations = (
				0DDB3322190D62230079F5AE /* Debug */,
				0DDB3323190D62230079F5AE /* Release */,
			);
			defaultConfigurationIsVisible = 0;
			defaultConfigurationName = Release;
		};
		0DDB3324190D62230079F5AE /* Build configuration list for PBXNativeTarget "sword" */ = {
			isa = XCConfigurationList;
			buildConfigurations = (
				0DDB3325190D62230079F5AE /* Debug */,
				0DDB3326190D62230079F5AE /* Release */,
			);
			defaultConfigurationIsVisible = 0;
			defaultConfigurationName = Release;
		};
		0DDB3327190D62230079F5AE /* Build configuration list for PBXNativeTarget "swordTests" */ = {
			isa = XCConfigurationList;
			buildConfigurations = (
				0DDB3328190D62230079F5AE /* Debug */,
				0DDB3329190D62230079F5AE /* Release */,
			);
			defaultConfigurationIsVisible = 0;
			defaultConfigurationName = Release;
		};
/* End XCConfigurationList section */
	};
	rootObject = 0DDB32F0190D62230079F5AE /* Project object */;
}
